
Microsoft Visual Studio Solution File, Format Version 12.00
# Visual Studio Version 17
VisualStudioVersion = 17.14.37203.1 d17.14
MinimumVisualStudioVersion = 10.0.40219.1
Project("{FAE04EC0-301F-11D3-BF4B-00C04F79EFBC}") = "QuoteSubscriberFn", "QuoteSubscriberFn.csproj", "{904BD2C4-D2C2-21B9-FADE-6AF815983547}"
EndProject
Global
	GlobalSection(SolutionConfigurationPlatforms) = preSolution
		Debug|Any CPU = Debug|Any CPU
		Release|Any CPU = Release|Any CPU
	EndGlobalSection
	GlobalSection(ProjectConfigurationPlatforms) = postSolution
		{904BD2C4-D2C2-21B9-FADE-6AF815983547}.Debug|Any CPU.ActiveCfg = Debug|Any CPU
		{904BD2C4-D2C2-21B9-FADE-6AF815983547}.Debug|Any CPU.Build.0 = Debug|Any CPU
		{904BD2C4-D2C2-21B9-FADE-6AF815983547}.Release|Any CPU.ActiveCfg = Release|Any CPU
		{904BD2C4-D2C2-21B9-FADE-6AF815983547}.Release|Any CPU.Build.0 = Release|Any CPU
	EndGlobalSection
	GlobalSection(SolutionProperties) = preSolution
		HideSolutionNode = FALSE
	EndGlobalSection
	GlobalSection(ExtensibilityGlobals) = postSolution
		SolutionGuid = {A919B178-D3C5-4E87-9454-5F5E3D1D0DB5}
	EndGlobalSection
EndGlobal
